
Microsoft Visual Studio Solution File, Format Version 11.00
# Visual Studio 2010
Project("{FAE04EC0-301F-11D3-BF4B-00C04F79EFBC}") = "Assembly-CSharp", "Assembly-CSharp.csproj", "{2e83b306-3856-beca-a110-388235ae9845}"
EndProject
Project("{FAE04EC0-301F-11D3-BF4B-00C04F79EFBC}") = "Assembly-CSharp-Editor", "Assembly-CSharp-Editor.csproj", "{5e2ce214-94f6-0fd9-aa63-3e28a0696312}"
EndProject
Global
	GlobalSection(SolutionConfigurationPlatforms) = preSolution
		Debug|Any CPU = Debug|Any CPU
	EndGlobalSection
	GlobalSection(ProjectConfigurationPlatforms) = postSolution
		{2e83b306-3856-beca-a110-388235ae9845}.Debug|Any CPU.ActiveCfg = Debug|Any CPU
		{2e83b306-3856-beca-a110-388235ae9845}.Debug|Any CPU.Build.0 = Debug|Any CPU
		{5e2ce214-94f6-0fd9-aa63-3e28a0696312}.Debug|Any CPU.ActiveCfg = Debug|Any CPU
		{5e2ce214-94f6-0fd9-aa63-3e28a0696312}.Debug|Any CPU.Build.0 = Debug|Any CPU
	EndGlobalSection
	GlobalSection(SolutionProperties) = preSolution
		HideSolutionNode = FALSE
	EndGlobalSection
EndGlobal
